
Microsoft Visual Studio Solution File, Format Version 12.00
# Visual Studio Version 16
VisualStudioVersion = 16.0.29409.12
MinimumVisualStudioVersion = 10.0.40219.1
Project("{FAE04EC0-301F-11D3-BF4B-00C04F79EFBC}") = "oyun", "oyun\oyun.csproj", "{A3781058-7CB8-4285-9C6B-F928AEF3697B}"
EndProject
Global
	GlobalSection(SolutionConfigurationPlatforms) = preSolution
		Debug|Any CPU = Debug|Any CPU
		Release|Any CPU = Release|Any CPU
	EndGlobalSection
	GlobalSection(ProjectConfigurationPlatforms) = postSolution
		{A3781058-7CB8-4285-9C6B-F928AEF3697B}.Debug|Any CPU.ActiveCfg = Debug|Any CPU
		{A3781058-7CB8-4285-9C6B-F928AEF3697B}.Debug|Any CPU.Build.0 = Debug|Any CPU
		{A3781058-7CB8-4285-9C6B-F928AEF3697B}.Release|Any CPU.ActiveCfg = Release|Any CPU
		{A3781058-7CB8-4285-9C6B-F928AEF3697B}.Release|Any CPU.Build.0 = Release|Any CPU
	EndGlobalSection
	GlobalSection(SolutionProperties) = preSolution
		HideSolutionNode = FALSE
	EndGlobalSection
	GlobalSection(ExtensibilityGlobals) = postSolution
		SolutionGuid = {153D3F58-2A18-4CC1-8C7C-CE3234150B6A}
	EndGlobalSection
EndGlobal
